// !$*UTF8*$!
{
	archiveVersion = 1;
	classes = {
	};
	objectVersion = 56;
	objects = {

/* Begin PBXBuildFile section */
		5F72782B2C4616220033B94E /* AppDelegate.swift in Sources */ = {isa = PBXBuildFile; fileRef = 5F72782A2C4616220033B94E /* AppDelegate.swift */; };
		5F72782D2C4616220033B94E /* SceneDelegate.swift in Sources */ = {isa = PBXBuildFile; fileRef = 5F72782C2C4616220033B94E /* SceneDelegate.swift */; };
		5F72782F2C4616220033B94E /* ViewController.swift in Sources */ = {isa = PBXBuildFile; fileRef = 5F72782E2C4616220033B94E /* ViewController.swift */; };
		5F7278322C4616220033B94E /* PokeContacts.xcdatamodeld in Sources */ = {isa = PBXBuildFile; fileRef = 5F7278302C4616220033B94E /* PokeContacts.xcdatamodeld */; };
		5F7278342C4616230033B94E /* Assets.xcassets in Resources */ = {isa = PBXBuildFile; fileRef = 5F7278332C4616230033B94E /* Assets.xcassets */; };
		5F7278372C4616230033B94E /* Base in Resources */ = {isa = PBXBuildFile; fileRef = 5F7278362C4616230033B94E /* Base */; };
		5F7278402C46191E0033B94E /* SnapKit in Frameworks */ = {isa = PBXBuildFile; productRef = 5F72783F2C46191E0033B94E /* SnapKit */; };
		5F7278432C4619320033B94E /* Alamofire in Frameworks */ = {isa = PBXBuildFile; productRef = 5F7278422C4619320033B94E /* Alamofire */; };
		5F7278452C46407C0033B94E /* PhoneBookView.swift in Sources */ = {isa = PBXBuildFile; fileRef = 5F7278442C46407C0033B94E /* PhoneBookView.swift */; };
		5F7278472C4640DF0033B94E /* UpdatePhoneBookView.swift in Sources */ = {isa = PBXBuildFile; fileRef = 5F7278462C4640DF0033B94E /* UpdatePhoneBookView.swift */; };
		5F7278492C4640FB0033B94E /* PhonBookTableViewCell.swift in Sources */ = {isa = PBXBuildFile; fileRef = 5F7278482C4640FB0033B94E /* PhonBookTableViewCell.swift */; };
		5F72784D2C4644780033B94E /* PhoneBookViewController.swift in Sources */ = {isa = PBXBuildFile; fileRef = 5F72784C2C4644780033B94E /* PhoneBookViewController.swift */; };
		5F72784F2C4644B10033B94E /* UpdatePhoneBookViewCotroller.swift in Sources */ = {isa = PBXBuildFile; fileRef = 5F72784E2C4644B10033B94E /* UpdatePhoneBookViewCotroller.swift */; };
		5F7278522C4645270033B94E /* pokeDatas.swift in Sources */ = {isa = PBXBuildFile; fileRef = 5F7278512C4645270033B94E /* pokeDatas.swift */; };
		5F7278552C4646250033B94E /* Entity+CoreDataClass.swift in Sources */ = {isa = PBXBuildFile; fileRef = 5F7278532C4646250033B94E /* Entity+CoreDataClass.swift */; };
		5F7278562C4646250033B94E /* Entity+CoreDataProperties.swift in Sources */ = {isa = PBXBuildFile; fileRef = 5F7278542C4646250033B94E /* Entity+CoreDataProperties.swift */; };
		5F72785A2C48DC0C0033B94E /* CoreDataManager.swift in Sources */ = {isa = PBXBuildFile; fileRef = 5F7278592C48DC0C0033B94E /* CoreDataManager.swift */; };
/* End PBXBuildFile section */

/* Begin PBXFileReference section */
		5F7278272C4616220033B94E /* PokeContacts.app */ = {isa = PBXFileReference; explicitFileType = wrapper.application; includeInIndex = 0; path = PokeContacts.app; sourceTree = BUILT_PRODUCTS_DIR; };
		5F72782A2C4616220033B94E /* AppDelegate.swift */ = {isa = PBXFileReference; lastKnownFileType = sourcecode.swift; path = AppDelegate.swift; sourceTree = "<group>"; };
		5F72782C2C4616220033B94E /* SceneDelegate.swift */ = {isa = PBXFileReference; lastKnownFileType = sourcecode.swift; path = SceneDelegate.swift; sourceTree = "<group>"; };
		5F72782E2C4616220033B94E /* ViewController.swift */ = {isa = PBXFileReference; lastKnownFileType = sourcecode.swift; path = ViewController.swift; sourceTree = "<group>"; };
		5F7278312C4616220033B94E /* PokeContacts.xcdatamodel */ = {isa = PBXFileReference; lastKnownFileType = wrapper.xcdatamodel; path = PokeContacts.xcdatamodel; sourceTree = "<group>"; };
		5F7278332C4616230033B94E /* Assets.xcassets */ = {isa = PBXFileReference; lastKnownFileType = folder.assetcatalog; path = Assets.xcassets; sourceTree = "<group>"; };
		5F7278362C4616230033B94E /* Base */ = {isa = PBXFileReference; lastKnownFileType = file.storyboard; name = Base; path = Base.lproj/LaunchScreen.storyboard; sourceTree = "<group>"; };
		5F7278382C4616230033B94E /* Info.plist */ = {isa = PBXFileReference; lastKnownFileType = text.plist.xml; path = Info.plist; sourceTree = "<group>"; };
		5F7278442C46407C0033B94E /* PhoneBookView.swift */ = {isa = PBXFileReference; lastKnownFileType = sourcecode.swift; path = PhoneBookView.swift; sourceTree = "<group>"; };
		5F7278462C4640DF0033B94E /* UpdatePhoneBookView.swift */ = {isa = PBXFileReference; lastKnownFileType = sourcecode.swift; path = UpdatePhoneBookView.swift; sourceTree = "<group>"; };
		5F7278482C4640FB0033B94E /* PhonBookTableViewCell.swift */ = {isa = PBXFileReference; lastKnownFileType = sourcecode.swift; path = PhonBookTableViewCell.swift; sourceTree = "<group>"; };
		5F72784C2C4644780033B94E /* PhoneBookViewController.swift */ = {isa = PBXFileReference; lastKnownFileType = sourcecode.swift; path = PhoneBookViewController.swift; sourceTree = "<group>"; };
		5F72784E2C4644B10033B94E /* UpdatePhoneBookViewCotroller.swift */ = {isa = PBXFileReference; lastKnownFileType = sourcecode.swift; path = UpdatePhoneBookViewCotroller.swift; sourceTree = "<group>"; };
		5F7278512C4645270033B94E /* pokeDatas.swift */ = {isa = PBXFileReference; lastKnownFileType = sourcecode.swift; path = pokeDatas.swift; sourceTree = "<group>"; };
		5F7278532C4646250033B94E /* Entity+CoreDataClass.swift */ = {isa = PBXFileReference; lastKnownFileType = sourcecode.swift; path = "Entity+CoreDataClass.swift"; sourceTree = "<group>"; };
		5F7278542C4646250033B94E /* Entity+CoreDataProperties.swift */ = {isa = PBXFileReference; lastKnownFileType = sourcecode.swift; path = "Entity+CoreDataProperties.swift"; sourceTree = "<group>"; };
		5F7278592C48DC0C0033B94E /* CoreDataManager.swift */ = {isa = PBXFileReference; lastKnownFileType = sourcecode.swift; path = CoreDataManager.swift; sourceTree = "<group>"; };
/* End PBXFileReference section */

/* Begin PBXFrameworksBuildPhase section */
		5F7278242C4616220033B94E /* Frameworks */ = {
			isa = PBXFrameworksBuildPhase;
			buildActionMask = 2147483647;
			files = (
				5F7278402C46191E0033B94E /* SnapKit in Frameworks */,
				5F7278432C4619320033B94E /* Alamofire in Frameworks */,
			);
			runOnlyForDeploymentPostprocessing = 0;
		};
/* End PBXFrameworksBuildPhase section */

/* Begin PBXGroup section */
		5F72781E2C4616220033B94E = {
			isa = PBXGroup;
			children = (
				5F7278292C4616220033B94E /* PokeContacts */,
				5F7278282C4616220033B94E /* Products */,
			);
			sourceTree = "<group>";
		};
		5F7278282C4616220033B94E /* Products */ = {
			isa = PBXGroup;
			children = (
				5F7278272C4616220033B94E /* PokeContacts.app */,
			);
			name = Products;
			sourceTree = "<group>";
		};
		5F7278292C4616220033B94E /* PokeContacts */ = {
			isa = PBXGroup;
			children = (
				5F7278502C4645020033B94E /* Model */,
				5F72784A2C4641330033B94E /* View */,
				5F72784B2C4644520033B94E /* Controller */,
				5F72782A2C4616220033B94E /* AppDelegate.swift */,
				5F72782C2C4616220033B94E /* SceneDelegate.swift */,
				5F72782E2C4616220033B94E /* ViewController.swift */,
				5F7278332C4616230033B94E /* Assets.xcassets */,
				5F7278352C4616230033B94E /* LaunchScreen.storyboard */,
				5F7278382C4616230033B94E /* Info.plist */,
				5F7278302C4616220033B94E /* PokeContacts.xcdatamodeld */,
			);
			path = PokeContacts;
			sourceTree = "<group>";
		};
		5F72784A2C4641330033B94E /* View */ = {
			isa = PBXGroup;
			children = (
				5F7278442C46407C0033B94E /* PhoneBookView.swift */,
				5F7278462C4640DF0033B94E /* UpdatePhoneBookView.swift */,
				5F7278482C4640FB0033B94E /* PhonBookTableViewCell.swift */,
			);
			path = View;
			sourceTree = "<group>";
		};
		5F72784B2C4644520033B94E /* Controller */ = {
			isa = PBXGroup;
			children = (
				5F72784C2C4644780033B94E /* PhoneBookViewController.swift */,
				5F72784E2C4644B10033B94E /* UpdatePhoneBookViewCotroller.swift */,
			);
			path = Controller;
			sourceTree = "<group>";
		};
		5F7278502C4645020033B94E /* Model */ = {
			isa = PBXGroup;
			children = (
				5F7278532C4646250033B94E /* Entity+CoreDataClass.swift */,
				5F7278542C4646250033B94E /* Entity+CoreDataProperties.swift */,
				5F7278592C48DC0C0033B94E /* CoreDataManager.swift */,
				5F7278512C4645270033B94E /* pokeDatas.swift */,
			);
			path = Model;
			sourceTree = "<group>";
		};
/* End PBXGroup section */

/* Begin PBXNativeTarget section */
		5F7278262C4616220033B94E /* PokeContacts */ = {
			isa = PBXNativeTarget;
			buildConfigurationList = 5F72783B2C4616230033B94E /* Build configuration list for PBXNativeTarget "PokeContacts" */;
			buildPhases = (
				5F7278232C4616220033B94E /* Sources */,
				5F7278242C4616220033B94E /* Frameworks */,
				5F7278252C4616220033B94E /* Resources */,
			);
			buildRules = (
			);
			dependencies = (
			);
			name = PokeContacts;
			packageProductDependencies = (
				5F72783F2C46191E0033B94E /* SnapKit */,
				5F7278422C4619320033B94E /* Alamofire */,
			);
			productName = PokeContacts;
			productReference = 5F7278272C4616220033B94E /* PokeContacts.app */;
			productType = "com.apple.product-type.application";
		};
/* End PBXNativeTarget section */

/* Begin PBXProject section */
		5F72781F2C4616220033B94E /* Project object */ = {
			isa = PBXProject;
			attributes = {
				BuildIndependentTargetsInParallel = 1;
				LastSwiftUpdateCheck = 1540;
				LastUpgradeCheck = 1540;
				TargetAttributes = {
					5F7278262C4616220033B94E = {
						CreatedOnToolsVersion = 15.4;
					};
				};
			};
			buildConfigurationList = 5F7278222C4616220033B94E /* Build configuration list for PBXProject "PokeContacts" */;
			compatibilityVersion = "Xcode 14.0";
			developmentRegion = en;
			hasScannedForEncodings = 0;
			knownRegions = (
				en,
				Base,
			);
			mainGroup = 5F72781E2C4616220033B94E;
			packageReferences = (
				5F72783E2C46191E0033B94E /* XCRemoteSwiftPackageReference "SnapKit" */,
				5F7278412C4619320033B94E /* XCRemoteSwiftPackageReference "Alamofire" */,
			);
			productRefGroup = 5F7278282C4616220033B94E /* Products */;
			projectDirPath = "";
			projectRoot = "";
			targets = (
				5F7278262C4616220033B94E /* PokeContacts */,
			);
		};
/* End PBXProject section */

/* Begin PBXResourcesBuildPhase section */
		5F7278252C4616220033B94E /* Resources */ = {
			isa = PBXResourcesBuildPhase;
			buildActionMask = 2147483647;
			files = (
				5F7278342C4616230033B94E /* Assets.xcassets in Resources */,
				5F7278372C4616230033B94E /* Base in Resources */,
			);
			runOnlyForDeploymentPostprocessing = 0;
		};
/* End PBXResourcesBuildPhase section */

/* Begin PBXSourcesBuildPhase section */
		5F7278232C4616220033B94E /* Sources */ = {
			isa = PBXSourcesBuildPhase;
			buildActionMask = 2147483647;
			files = (
				5F72782F2C4616220033B94E /* ViewController.swift in Sources */,
				5F7278472C4640DF0033B94E /* UpdatePhoneBookView.swift in Sources */,
				5F72782B2C4616220033B94E /* AppDelegate.swift in Sources */,
				5F7278492C4640FB0033B94E /* PhonBookTableViewCell.swift in Sources */,
				5F72784D2C4644780033B94E /* PhoneBookViewController.swift in Sources */,
				5F7278522C4645270033B94E /* pokeDatas.swift in Sources */,
				5F72784F2C4644B10033B94E /* UpdatePhoneBookViewCotroller.swift in Sources */,
				5F72785A2C48DC0C0033B94E /* CoreDataManager.swift in Sources */,
				5F7278552C4646250033B94E /* Entity+CoreDataClass.swift in Sources */,
				5F7278562C4646250033B94E /* Entity+CoreDataProperties.swift in Sources */,
				5F7278452C46407C0033B94E /* PhoneBookView.swift in Sources */,
				5F72782D2C4616220033B94E /* SceneDelegate.swift in Sources */,
				5F7278322C4616220033B94E /* PokeContacts.xcdatamodeld in Sources */,
			);
			runOnlyForDeploymentPostprocessing = 0;
		};
/* End PBXSourcesBuildPhase section */

/* Begin PBXVariantGroup section */
		5F7278352C4616230033B94E /* LaunchScreen.storyboard */ = {
			isa = PBXVariantGroup;
			children = (
				5F7278362C4616230033B94E /* Base */,
			);
			name = LaunchScreen.storyboard;
			sourceTree = "<group>";
		};
/* End PBXVariantGroup section */

/* Begin XCBuildConfiguration section */
		5F7278392C4616230033B94E /* Debug */ = {
			isa = XCBuildConfiguration;
			buildSettings = {
				ALWAYS_SEARCH_USER_PATHS = NO;
				ASSETCATALOG_COMPILER_GENERATE_SWIFT_ASSET_SYMBOL_EXTENSIONS = YES;
				CLANG_ANALYZER_NONNULL = YES;
				CLANG_ANALYZER_NUMBER_OBJECT_CONVERSION = YES_AGGRESSIVE;
				CLANG_CXX_LANGUAGE_STANDARD = "gnu++20";
				CLANG_ENABLE_MODULES = YES;
				CLANG_ENABLE_OBJC_ARC = YES;
				CLANG_ENABLE_OBJC_WEAK = YES;
				CLANG_WARN_BLOCK_CAPTURE_AUTORELEASING = YES;
				CLANG_WARN_BOOL_CONVERSION = YES;
				CLANG_WARN_COMMA = YES;
				CLANG_WARN_CONSTANT_CONVERSION = YES;
				CLANG_WARN_DEPRECATED_OBJC_IMPLEMENTATIONS = YES;
				CLANG_WARN_DIRECT_OBJC_ISA_USAGE = YES_ERROR;
				CLANG_WARN_DOCUMENTATION_COMMENTS = YES;
				CLANG_WARN_EMPTY_BODY = YES;
				CLANG_WARN_ENUM_CONVERSION = YES;
				CLANG_WARN_INFINITE_RECURSION = YES;
				CLANG_WARN_INT_CONVERSION = YES;
				CLANG_WARN_NON_LITERAL_NULL_CONVERSION = YES;
				CLANG_WARN_OBJC_IMPLICIT_RETAIN_SELF = YES;
				CLANG_WARN_OBJC_LITERAL_CONVERSION = YES;
				CLANG_WARN_OBJC_ROOT_CLASS = YES_ERROR;
				CLANG_WARN_QUOTED_INCLUDE_IN_FRAMEWORK_HEADER = YES;
				CLANG_WARN_RANGE_LOOP_ANALYSIS = YES;
				CLANG_WARN_STRICT_PROTOTYPES = YES;
				CLANG_WARN_SUSPICIOUS_MOVE = YES;
				CLANG_WARN_UNGUARDED_AVAILABILITY = YES_AGGRESSIVE;
				CLANG_WARN_UNREACHABLE_CODE = YES;
				CLANG_WARN__DUPLICATE_METHOD_MATCH = YES;
				COPY_PHASE_STRIP = NO;
				DEBUG_INFORMATION_FORMAT = dwarf;
				ENABLE_STRICT_OBJC_MSGSEND = YES;
				ENABLE_TESTABILITY = YES;
				ENABLE_USER_SCRIPT_SANDBOXING = YES;
				GCC_C_LANGUAGE_STANDARD = gnu17;
				GCC_DYNAMIC_NO_PIC = NO;
				GCC_NO_COMMON_BLOCKS = YES;
				GCC_OPTIMIZATION_LEVEL = 0;
				GCC_PREPROCESSOR_DEFINITIONS = (
					"DEBUG=1",
					"$(inherited)",
				);
				GCC_WARN_64_TO_32_BIT_CONVERSION = YES;
				GCC_WARN_ABOUT_RETURN_TYPE = YES_ERROR;
				GCC_WARN_UNDECLARED_SELECTOR = YES;
				GCC_WARN_UNINITIALIZED_AUTOS = YES_AGGRESSIVE;
				GCC_WARN_UNUSED_FUNCTION = YES;
				GCC_WARN_UNUSED_VARIABLE = YES;
				IPHONEOS_DEPLOYMENT_TARGET = 17.5;
				LOCALIZATION_PREFERS_STRING_CATALOGS = YES;
				MTL_ENABLE_DEBUG_INFO = INCLUDE_SOURCE;
				MTL_FAST_MATH = YES;
				ONLY_ACTIVE_ARCH = YES;
				SDKROOT = iphoneos;
				SWIFT_ACTIVE_COMPILATION_CONDITIONS = "DEBUG $(inherited)";
				SWIFT_OPTIMIZATION_LEVEL = "-Onone";
			};
			name = Debug;
		};
		5F72783A2C4616230033B94E /* Release */ = {
			isa = XCBuildConfiguration;
			buildSettings = {
				ALWAYS_SEARCH_USER_PATHS = NO;
				ASSETCATALOG_COMPILER_GENERATE_SWIFT_ASSET_SYMBOL_EXTENSIONS = YES;
				CLANG_ANALYZER_NONNULL = YES;
				CLANG_ANALYZER_NUMBER_OBJECT_CONVERSION = YES_AGGRESSIVE;
				CLANG_CXX_LANGUAGE_STANDARD = "gnu++20";
				CLANG_ENABLE_MODULES = YES;
				CLANG_ENABLE_OBJC_ARC = YES;
				CLANG_ENABLE_OBJC_WEAK = YES;
				CLANG_WARN_BLOCK_CAPTURE_AUTORELEASING = YES;
				CLANG_WARN_BOOL_CONVERSION = YES;
				CLANG_WARN_COMMA = YES;
				CLANG_WARN_CONSTANT_CONVERSION = YES;
				CLANG_WARN_DEPRECATED_OBJC_IMPLEMENTATIONS = YES;
				CLANG_WARN_DIRECT_OBJC_ISA_USAGE = YES_ERROR;
				CLANG_WARN_DOCUMENTATION_COMMENTS = YES;
				CLANG_WARN_EMPTY_BODY = YES;
				CLANG_WARN_ENUM_CONVERSION = YES;
				CLANG_WARN_INFINITE_RECURSION = YES;
				CLANG_WARN_INT_CONVERSION = YES;
				CLANG_WARN_NON_LITERAL_NULL_CONVERSION = YES;
				CLANG_WARN_OBJC_IMPLICIT_RETAIN_SELF = YES;
				CLANG_WARN_OBJC_LITERAL_CONVERSION = YES;
				CLANG_WARN_OBJC_ROOT_CLASS = YES_ERROR;
				CLANG_WARN_QUOTED_INCLUDE_IN_FRAMEWORK_HEADER = YES;
				CLANG_WARN_RANGE_LOOP_ANALYSIS = YES;
				CLANG_WARN_STRICT_PROTOTYPES = YES;
				CLANG_WARN_SUSPICIOUS_MOVE = YES;
				CLANG_WARN_UNGUARDED_AVAILABILITY = YES_AGGRESSIVE;
				CLANG_WARN_UNREACHABLE_CODE = YES;
				CLANG_WARN__DUPLICATE_METHOD_MATCH = YES;
				COPY_PHASE_STRIP = NO;
				DEBUG_INFORMATION_FORMAT = "dwarf-with-dsym";
				ENABLE_NS_ASSERTIONS = NO;
				ENABLE_STRICT_OBJC_MSGSEND = YES;
				ENABLE_USER_SCRIPT_SANDBOXING = YES;
				GCC_C_LANGUAGE_STANDARD = gnu17;
				GCC_NO_COMMON_BLOCKS = YES;
				GCC_WARN_64_TO_32_BIT_CONVERSION = YES;
				GCC_WARN_ABOUT_RETURN_TYPE = YES_ERROR;
				GCC_WARN_UNDECLARED_SELECTOR = YES;
				GCC_WARN_UNINITIALIZED_AUTOS = YES_AGGRESSIVE;
				GCC_WARN_UNUSED_FUNCTION = YES;
				GCC_WARN_UNUSED_VARIABLE = YES;
				IPHONEOS_DEPLOYMENT_TARGET = 17.5;
				LOCALIZATION_PREFERS_STRING_CATALOGS = YES;
				MTL_ENABLE_DEBUG_INFO = NO;
				MTL_FAST_MATH = YES;
				SDKROOT = iphoneos;
				SWIFT_COMPILATION_MODE = wholemodule;
				VALIDATE_PRODUCT = YES;
			};
			name = Release;
		};
		5F72783C2C4616230033B94E /* Debug */ = {
			isa = XCBuildConfiguration;
			buildSettings = {
				ASSETCATALOG_COMPILER_APPICON_NAME = AppIcon;
				ASSETCATALOG_COMPILER_GLOBAL_ACCENT_COLOR_NAME = AccentColor;
				CODE_SIGN_STYLE = Automatic;
				CURRENT_PROJECT_VERSION = 1;
				GENERATE_INFOPLIST_FILE = YES;
				INFOPLIST_FILE = PokeContacts/Info.plist;
				INFOPLIST_KEY_UIApplicationSupportsIndirectInputEvents = YES;
				INFOPLIST_KEY_UILaunchStoryboardName = LaunchScreen;
				INFOPLIST_KEY_UISupportedInterfaceOrientations_iPad = "UIInterfaceOrientationPortrait UIInterfaceOrientationPortraitUpsideDown UIInterfaceOrientationLandscapeLeft UIInterfaceOrientationLandscapeRight";
				INFOPLIST_KEY_UISupportedInterfaceOrientations_iPhone = "UIInterfaceOrientationPortrait UIInterfaceOrientationLandscapeLeft UIInterfaceOrientationLandscapeRight";
				LD_RUNPATH_SEARCH_PATHS = (
					"$(inherited)",
					"@executable_path/Frameworks",
				);
				MARKETING_VERSION = 1.0;
				PRODUCT_BUNDLE_IDENTIFIER = com.jihyeon.PokeContacts;
				PRODUCT_NAME = "$(TARGET_NAME)";
				SWIFT_EMIT_LOC_STRINGS = YES;
				SWIFT_VERSION = 5.0;
				TARGETED_DEVICE_FAMILY = "1,2";
			};
			name = Debug;
		};
		5F72783D2C4616230033B94E /* Release */ = {
			isa = XCBuildConfiguration;
			buildSettings = {
				ASSETCATALOG_COMPILER_APPICON_NAME = AppIcon;
				ASSETCATALOG_COMPILER_GLOBAL_ACCENT_COLOR_NAME = AccentColor;
				CODE_SIGN_STYLE = Automatic;
				CURRENT_PROJECT_VERSION = 1;
				GENERATE_INFOPLIST_FILE = YES;
				INFOPLIST_FILE = PokeContacts/Info.plist;
				INFOPLIST_KEY_UIApplicationSupportsIndirectInputEvents = YES;
				INFOPLIST_KEY_UILaunchStoryboardName = LaunchScreen;
				INFOPLIST_KEY_UISupportedInterfaceOrientations_iPad = "UIInterfaceOrientationPortrait UIInterfaceOrientationPortraitUpsideDown UIInterfaceOrientationLandscapeLeft UIInterfaceOrientationLandscapeRight";
				INFOPLIST_KEY_UISupportedInterfaceOrientations_iPhone = "UIInterfaceOrientationPortrait UIInterfaceOrientationLandscapeLeft UIInterfaceOrientationLandscapeRight";
				LD_RUNPATH_SEARCH_PATHS = (
					"$(inherited)",
					"@executable_path/Frameworks",
				);
				MARKETING_VERSION = 1.0;
				PRODUCT_BUNDLE_IDENTIFIER = com.jihyeon.PokeContacts;
				PRODUCT_NAME = "$(TARGET_NAME)";
				SWIFT_EMIT_LOC_STRINGS = YES;
				SWIFT_VERSION = 5.0;
				TARGETED_DEVICE_FAMILY = "1,2";
			};
			name = Release;
		};
/* End XCBuildConfiguration section */

/* Begin XCConfigurationList section */
		5F7278222C4616220033B94E /* Build configuration list for PBXProject "PokeContacts" */ = {
			isa = XCConfigurationList;
			buildConfigurations = (
				5F7278392C4616230033B94E /* Debug */,
				5F72783A2C4616230033B94E /* Release */,
			);
			defaultConfigurationIsVisible = 0;
			defaultConfigurationName = Release;
		};
		5F72783B2C4616230033B94E /* Build configuration list for PBXNativeTarget "PokeContacts" */ = {
			isa = XCConfigurationList;
			buildConfigurations = (
				5F72783C2C4616230033B94E /* Debug */,
				5F72783D2C4616230033B94E /* Release */,
			);
			defaultConfigurationIsVisible = 0;
			defaultConfigurationName = Release;
		};
/* End XCConfigurationList section */

/* Begin XCRemoteSwiftPackageReference section */
		5F72783E2C46191E0033B94E /* XCRemoteSwiftPackageReference "SnapKit" */ = {
			isa = XCRemoteSwiftPackageReference;
			repositoryURL = "https://github.com/SnapKit/SnapKit.git";
			requirement = {
				kind = upToNextMajorVersion;
				minimumVersion = 5.7.1;
			};
		};
		5F7278412C4619320033B94E /* XCRemoteSwiftPackageReference "Alamofire" */ = {
			isa = XCRemoteSwiftPackageReference;
			repositoryURL = "https://github.com/Alamofire/Alamofire.git";
			requirement = {
				kind = upToNextMajorVersion;
				minimumVersion = 5.9.1;
			};
		};
/* End XCRemoteSwiftPackageReference section */

/* Begin XCSwiftPackageProductDependency section */
		5F72783F2C46191E0033B94E /* SnapKit */ = {
			isa = XCSwiftPackageProductDependency;
			package = 5F72783E2C46191E0033B94E /* XCRemoteSwiftPackageReference "SnapKit" */;
			productName = SnapKit;
		};
		5F7278422C4619320033B94E /* Alamofire */ = {
			isa = XCSwiftPackageProductDependency;
			package = 5F7278412C4619320033B94E /* XCRemoteSwiftPackageReference "Alamofire" */;
			productName = Alamofire;
		};
/* End XCSwiftPackageProductDependency section */

/* Begin XCVersionGroup section */
		5F7278302C4616220033B94E /* PokeContacts.xcdatamodeld */ = {
			isa = XCVersionGroup;
			children = (
				5F7278312C4616220033B94E /* PokeContacts.xcdatamodel */,
			);
			currentVersion = 5F7278312C4616220033B94E /* PokeContacts.xcdatamodel */;
			path = PokeContacts.xcdatamodeld;
			sourceTree = "<group>";
			versionGroupType = wrapper.xcdatamodel;
		};
/* End XCVersionGroup section */
	};
	rootObject = 5F72781F2C4616220033B94E /* Project object */;
}
